
Microsoft Visual Studio Solution File, Format Version 12.00
# Visual Studio Version 17
VisualStudioVersion = 17.1.32210.238
MinimumVisualStudioVersion = 10.0.40219.1
Project("{9A19103F-16F7-4668-BE54-9A1E7A4F7556}") = "Cviceni1Priklady-Knotek", "Cviceni1Priklady\Cviceni1Priklady-Knotek.csproj", "{003FE8B3-CF21-41F5-84BE-3E7E6C8648D6}"
EndProject
Global
	GlobalSection(SolutionConfigurationPlatforms) = preSolution
		Debug|Any CPU = Debug|Any CPU
		Release|Any CPU = Release|Any CPU
	EndGlobalSection
	GlobalSection(ProjectConfigurationPlatforms) = postSolution
		{003FE8B3-CF21-41F5-84BE-3E7E6C8648D6}.Debug|Any CPU.ActiveCfg = Debug|Any CPU
		{003FE8B3-CF21-41F5-84BE-3E7E6C8648D6}.Debug|Any CPU.Build.0 = Debug|Any CPU
		{003FE8B3-CF21-41F5-84BE-3E7E6C8648D6}.Release|Any CPU.ActiveCfg = Release|Any CPU
		{003FE8B3-CF21-41F5-84BE-3E7E6C8648D6}.Release|Any CPU.Build.0 = Release|Any CPU
	EndGlobalSection
	GlobalSection(SolutionProperties) = preSolution
		HideSolutionNode = FALSE
	EndGlobalSection
	GlobalSection(ExtensibilityGlobals) = postSolution
		SolutionGuid = {D6259C26-FC91-4823-B851-CDE571D8F7B0}
	EndGlobalSection
EndGlobal
